
Microsoft Visual Studio Solution File, Format Version 12.00
# Visual Studio 15
VisualStudioVersion = 15.0.28307.1433
MinimumVisualStudioVersion = 10.0.40219.1
Project("{FAE04EC0-301F-11D3-BF4B-00C04F79EFBC}") = "test01", "test01\test01.csproj", "{2B53EA33-BFFA-4D7C-845E-E4E66F93401B}"
EndProject
Global
	GlobalSection(SolutionConfigurationPlatforms) = preSolution
		Debug|Any CPU = Debug|Any CPU
		Release|Any CPU = Release|Any CPU
	EndGlobalSection
	GlobalSection(ProjectConfigurationPlatforms) = postSolution
		{2B53EA33-BFFA-4D7C-845E-E4E66F93401B}.Debug|Any CPU.ActiveCfg = Debug|Any CPU
		{2B53EA33-BFFA-4D7C-845E-E4E66F93401B}.Debug|Any CPU.Build.0 = Debug|Any CPU
		{2B53EA33-BFFA-4D7C-845E-E4E66F93401B}.Release|Any CPU.ActiveCfg = Release|Any CPU
		{2B53EA33-BFFA-4D7C-845E-E4E66F93401B}.Release|Any CPU.Build.0 = Release|Any CPU
	EndGlobalSection
	GlobalSection(SolutionProperties) = preSolution
		HideSolutionNode = FALSE
	EndGlobalSection
	GlobalSection(ExtensibilityGlobals) = postSolution
		SolutionGuid = {B268DF89-8E47-49A0-AE93-0AA59102BAB3}
	EndGlobalSection
EndGlobal
